
Microsoft Visual Studio Solution File, Format Version 12.00
Project("{FAE04EC0-301F-11D3-BF4B-00C04F79EFBC}") = "cicm_web", "cicm_web\cicm_web.csproj", "{EB95B2DA-41CF-456F-B5E6-33B353F84258}"
EndProject
Global
	GlobalSection(SolutionConfigurationPlatforms) = preSolution
		Debug|Any CPU = Debug|Any CPU
		Release|Any CPU = Release|Any CPU
	EndGlobalSection
	GlobalSection(ProjectConfigurationPlatforms) = postSolution
		{EB95B2DA-41CF-456F-B5E6-33B353F84258}.Debug|Any CPU.ActiveCfg = Debug|Any CPU
		{EB95B2DA-41CF-456F-B5E6-33B353F84258}.Debug|Any CPU.Build.0 = Debug|Any CPU
		{EB95B2DA-41CF-456F-B5E6-33B353F84258}.Release|Any CPU.ActiveCfg = Release|Any CPU
		{EB95B2DA-41CF-456F-B5E6-33B353F84258}.Release|Any CPU.Build.0 = Release|Any CPU
	EndGlobalSection
EndGlobal
