<Solution>
  <Folder Name="/Solution Items/">
    <File Path=".editorconfig" />
    <File Path=".gitignore" />
    <File Path="Directory.Build.props" />
    <File Path="Directory.Packages.props" />
    <File Path="global.json" />
  </Folder>
  <Project Path="Marechai.App/Marechai.App.csproj" />
  <Project Path="Marechai.ApiClient/Marechai.ApiClient.csproj" />
  <Project Path="Marechai.Data/Marechai.Data.csproj" />
  <Project Path="Marechai.Database/Marechai.Database.csproj" />
  <Project Path="Marechai.Email/Marechai.Email.csproj" />
  <Project Path="Marechai.Server/Marechai.Server.csproj" />
  <Project Path="Marechai.MobyGames/Marechai.MobyGames.csproj" />
  <Project Path="Marechai.Translation/Marechai.Translation.csproj" />
  <Project Path="Marechai/Marechai.csproj" />
</Solution>
